
Microsoft Visual Studio Solution File, Format Version 11.00
# Visual Studio 2010
Project("{8BC9CEB8-8B4A-11D0-8D11-00A0C91BC942}") = "fff", "fff\fff.vcxproj", "{C651C3A2-7D8E-42F9-954F-F655B5015BCA}"
EndProject
Global
	GlobalSection(SolutionConfigurationPlatforms) = preSolution
		Debug|Win32 = Debug|Win32
		Release|Win32 = Release|Win32
	EndGlobalSection
	GlobalSection(ProjectConfigurationPlatforms) = postSolution
		{C651C3A2-7D8E-42F9-954F-F655B5015BCA}.Debug|Win32.ActiveCfg = Debug|Win32
		{C651C3A2-7D8E-42F9-954F-F655B5015BCA}.Debug|Win32.Build.0 = Debug|Win32
		{C651C3A2-7D8E-42F9-954F-F655B5015BCA}.Release|Win32.ActiveCfg = Release|Win32
		{C651C3A2-7D8E-42F9-954F-F655B5015BCA}.Release|Win32.Build.0 = Release|Win32
	EndGlobalSection
	GlobalSection(SolutionProperties) = preSolution
		HideSolutionNode = FALSE
	EndGlobalSection
EndGlobal
